
Microsoft Visual Studio Solution File, Format Version 12.00
# Visual Studio 15
VisualStudioVersion = 15.0.28307.1259
MinimumVisualStudioVersion = 10.0.40219.1
Project("{888888A0-9F3D-457C-B088-3A5042F75D52}") = "996Quant", "996Quant.pyproj", "{943EAABE-7C89-4EEF-9301-EE45947EB8F5}"
EndProject
Global
	GlobalSection(SolutionConfigurationPlatforms) = preSolution
		Debug|Any CPU = Debug|Any CPU
		Release|Any CPU = Release|Any CPU
	EndGlobalSection
	GlobalSection(ProjectConfigurationPlatforms) = postSolution
		{943EAABE-7C89-4EEF-9301-EE45947EB8F5}.Debug|Any CPU.ActiveCfg = Debug|Any CPU
		{943EAABE-7C89-4EEF-9301-EE45947EB8F5}.Release|Any CPU.ActiveCfg = Release|Any CPU
	EndGlobalSection
	GlobalSection(SolutionProperties) = preSolution
		HideSolutionNode = FALSE
	EndGlobalSection
	GlobalSection(ExtensibilityGlobals) = postSolution
		SolutionGuid = {08006F86-57AF-4DD4-AF58-62E3C0843BC1}
	EndGlobalSection
EndGlobal
